
Microsoft Visual Studio Solution File, Format Version 12.00
# Visual Studio Version 16
VisualStudioVersion = 16.0.30413.136
MinimumVisualStudioVersion = 10.0.40219.1
Project("{9A19103F-16F7-4668-BE54-9A1E7A4F7556}") = "EnBuyukSayi", "EnBuyukSayi\EnBuyukSayi.csproj", "{CE50AAAE-E916-442C-9A2C-536A460DAB23}"
EndProject
Project("{9A19103F-16F7-4668-BE54-9A1E7A4F7556}") = "HangiGun", "HangiGun\HangiGun.csproj", "{A8F7F15C-BCEA-4472-86A2-23D1FB446D93}"
EndProject
Project("{9A19103F-16F7-4668-BE54-9A1E7A4F7556}") = "OzelSayi", "OzelSayi\OzelSayi.csproj", "{C9871033-57A0-410F-A161-1B3EB39AE2F3}"
EndProject
Project("{9A19103F-16F7-4668-BE54-9A1E7A4F7556}") = "VizeFinal", "VizeFinal\VizeFinal.csproj", "{3C51E0EA-0E03-42AF-AEA5-3DE1E2E0D0CE}"
EndProject
Project("{9A19103F-16F7-4668-BE54-9A1E7A4F7556}") = "Cekilis", "Cekilis\Cekilis.csproj", "{33D75417-50E9-4EB3-8232-5D2F450C1A8B}"
EndProject
Project("{9A19103F-16F7-4668-BE54-9A1E7A4F7556}") = "OtoparkOtomat", "OtoparkOtomat\OtoparkOtomat.csproj", "{A4C61F9F-70A5-4252-9862-FB59105B5D38}"
EndProject
Project("{9A19103F-16F7-4668-BE54-9A1E7A4F7556}") = "MutlakSayi", "MutlakSayi\MutlakSayi.csproj", "{25DB7FFA-5818-4E66-9EC0-A99FB5C52350}"
EndProject
Project("{9A19103F-16F7-4668-BE54-9A1E7A4F7556}") = "UsAlma", "UsAlma\UsAlma.csproj", "{3339ADA8-0015-42D6-B407-2A7BF02FAC59}"
EndProject
Project("{9A19103F-16F7-4668-BE54-9A1E7A4F7556}") = "AlısKar", "AlısKar\AlısKar.csproj", "{F15E8B75-A7CC-4059-A0E1-2D8A365F64F3}"
EndProject
Project("{9A19103F-16F7-4668-BE54-9A1E7A4F7556}") = "DenemeTahtasi", "DenemeTahtasi\DenemeTahtasi.csproj", "{5734B82B-C982-46FF-A609-11E668694A41}"
EndProject
Project("{FAE04EC0-301F-11D3-BF4B-00C04F79EFBC}") = "CocukOyunu", "CocukOyunu\CocukOyunu.csproj", "{D3EE3560-0EBE-42F2-9FC5-11D990AC9215}"
EndProject
Project("{FAE04EC0-301F-11D3-BF4B-00C04F79EFBC}") = "Fibonacci", "Fibonacci\Fibonacci.csproj", "{284072CB-CA84-4E3D-8443-83B5665272BB}"
EndProject
Global
	GlobalSection(SolutionConfigurationPlatforms) = preSolution
		Debug|Any CPU = Debug|Any CPU
		Release|Any CPU = Release|Any CPU
	EndGlobalSection
	GlobalSection(ProjectConfigurationPlatforms) = postSolution
		{CE50AAAE-E916-442C-9A2C-536A460DAB23}.Debug|Any CPU.ActiveCfg = Debug|Any CPU
		{CE50AAAE-E916-442C-9A2C-536A460DAB23}.Debug|Any CPU.Build.0 = Debug|Any CPU
		{CE50AAAE-E916-442C-9A2C-536A460DAB23}.Release|Any CPU.ActiveCfg = Release|Any CPU
		{CE50AAAE-E916-442C-9A2C-536A460DAB23}.Release|Any CPU.Build.0 = Release|Any CPU
		{A8F7F15C-BCEA-4472-86A2-23D1FB446D93}.Debug|Any CPU.ActiveCfg = Debug|Any CPU
		{A8F7F15C-BCEA-4472-86A2-23D1FB446D93}.Debug|Any CPU.Build.0 = Debug|Any CPU
		{A8F7F15C-BCEA-4472-86A2-23D1FB446D93}.Release|Any CPU.ActiveCfg = Release|Any CPU
		{A8F7F15C-BCEA-4472-86A2-23D1FB446D93}.Release|Any CPU.Build.0 = Release|Any CPU
		{C9871033-57A0-410F-A161-1B3EB39AE2F3}.Debug|Any CPU.ActiveCfg = Debug|Any CPU
		{C9871033-57A0-410F-A161-1B3EB39AE2F3}.Debug|Any CPU.Build.0 = Debug|Any CPU
		{C9871033-57A0-410F-A161-1B3EB39AE2F3}.Release|Any CPU.ActiveCfg = Release|Any CPU
		{C9871033-57A0-410F-A161-1B3EB39AE2F3}.Release|Any CPU.Build.0 = Release|Any CPU
		{3C51E0EA-0E03-42AF-AEA5-3DE1E2E0D0CE}.Debug|Any CPU.ActiveCfg = Debug|Any CPU
		{3C51E0EA-0E03-42AF-AEA5-3DE1E2E0D0CE}.Debug|Any CPU.Build.0 = Debug|Any CPU
		{3C51E0EA-0E03-42AF-AEA5-3DE1E2E0D0CE}.Release|Any CPU.ActiveCfg = Release|Any CPU
		{3C51E0EA-0E03-42AF-AEA5-3DE1E2E0D0CE}.Release|Any CPU.Build.0 = Release|Any CPU
		{33D75417-50E9-4EB3-8232-5D2F450C1A8B}.Debug|Any CPU.ActiveCfg = Debug|Any CPU
		{33D75417-50E9-4EB3-8232-5D2F450C1A8B}.Debug|Any CPU.Build.0 = Debug|Any CPU
		{33D75417-50E9-4EB3-8232-5D2F450C1A8B}.Release|Any CPU.ActiveCfg = Release|Any CPU
		{33D75417-50E9-4EB3-8232-5D2F450C1A8B}.Release|Any CPU.Build.0 = Release|Any CPU
		{A4C61F9F-70A5-4252-9862-FB59105B5D38}.Debug|Any CPU.ActiveCfg = Debug|Any CPU
		{A4C61F9F-70A5-4252-9862-FB59105B5D38}.Debug|Any CPU.Build.0 = Debug|Any CPU
		{A4C61F9F-70A5-4252-9862-FB59105B5D38}.Release|Any CPU.ActiveCfg = Release|Any CPU
		{A4C61F9F-70A5-4252-9862-FB59105B5D38}.Release|Any CPU.Build.0 = Release|Any CPU
		{25DB7FFA-5818-4E66-9EC0-A99FB5C52350}.Debug|Any CPU.ActiveCfg = Debug|Any CPU
		{25DB7FFA-5818-4E66-9EC0-A99FB5C52350}.Debug|Any CPU.Build.0 = Debug|Any CPU
		{25DB7FFA-5818-4E66-9EC0-A99FB5C52350}.Release|Any CPU.ActiveCfg = Release|Any CPU
		{25DB7FFA-5818-4E66-9EC0-A99FB5C52350}.Release|Any CPU.Build.0 = Release|Any CPU
		{3339ADA8-0015-42D6-B407-2A7BF02FAC59}.Debug|Any CPU.ActiveCfg = Debug|Any CPU
		{3339ADA8-0015-42D6-B407-2A7BF02FAC59}.Debug|Any CPU.Build.0 = Debug|Any CPU
		{3339ADA8-0015-42D6-B407-2A7BF02FAC59}.Release|Any CPU.ActiveCfg = Release|Any CPU
		{3339ADA8-0015-42D6-B407-2A7BF02FAC59}.Release|Any CPU.Build.0 = Release|Any CPU
		{F15E8B75-A7CC-4059-A0E1-2D8A365F64F3}.Debug|Any CPU.ActiveCfg = Debug|Any CPU
		{F15E8B75-A7CC-4059-A0E1-2D8A365F64F3}.Debug|Any CPU.Build.0 = Debug|Any CPU
		{F15E8B75-A7CC-4059-A0E1-2D8A365F64F3}.Release|Any CPU.ActiveCfg = Release|Any CPU
		{F15E8B75-A7CC-4059-A0E1-2D8A365F64F3}.Release|Any CPU.Build.0 = Release|Any CPU
		{5734B82B-C982-46FF-A609-11E668694A41}.Debug|Any CPU.ActiveCfg = Debug|Any CPU
		{5734B82B-C982-46FF-A609-11E668694A41}.Debug|Any CPU.Build.0 = Debug|Any CPU
		{5734B82B-C982-46FF-A609-11E668694A41}.Release|Any CPU.ActiveCfg = Release|Any CPU
		{5734B82B-C982-46FF-A609-11E668694A41}.Release|Any CPU.Build.0 = Release|Any CPU
		{D3EE3560-0EBE-42F2-9FC5-11D990AC9215}.Debug|Any CPU.ActiveCfg = Debug|Any CPU
		{D3EE3560-0EBE-42F2-9FC5-11D990AC9215}.Debug|Any CPU.Build.0 = Debug|Any CPU
		{D3EE3560-0EBE-42F2-9FC5-11D990AC9215}.Release|Any CPU.ActiveCfg = Release|Any CPU
		{D3EE3560-0EBE-42F2-9FC5-11D990AC9215}.Release|Any CPU.Build.0 = Release|Any CPU
		{284072CB-CA84-4E3D-8443-83B5665272BB}.Debug|Any CPU.ActiveCfg = Debug|Any CPU
		{284072CB-CA84-4E3D-8443-83B5665272BB}.Debug|Any CPU.Build.0 = Debug|Any CPU
		{284072CB-CA84-4E3D-8443-83B5665272BB}.Release|Any CPU.ActiveCfg = Release|Any CPU
		{284072CB-CA84-4E3D-8443-83B5665272BB}.Release|Any CPU.Build.0 = Release|Any CPU
	EndGlobalSection
	GlobalSection(SolutionProperties) = preSolution
		HideSolutionNode = FALSE
	EndGlobalSection
	GlobalSection(ExtensibilityGlobals) = postSolution
		SolutionGuid = {237C27DC-AF1C-469E-B540-DC2A10585310}
	EndGlobalSection
EndGlobal
